
Microsoft Visual Studio Solution File, Format Version 12.00
# Visual Studio Version 17
VisualStudioVersion = 17.3.32825.248
MinimumVisualStudioVersion = 10.0.40219.1
Project("{FAE04EC0-301F-11D3-BF4B-00C04F79EFBC}") = "pryCursoUdemy", "pryCursoUdemy.csproj", "{D5E2D0D4-3B06-4ADF-9BD6-71D10471F312}"
EndProject
Global
	GlobalSection(SolutionConfigurationPlatforms) = preSolution
		Debug|Any CPU = Debug|Any CPU
		Release|Any CPU = Release|Any CPU
	EndGlobalSection
	GlobalSection(ProjectConfigurationPlatforms) = postSolution
		{D5E2D0D4-3B06-4ADF-9BD6-71D10471F312}.Debug|Any CPU.ActiveCfg = Debug|Any CPU
		{D5E2D0D4-3B06-4ADF-9BD6-71D10471F312}.Debug|Any CPU.Build.0 = Debug|Any CPU
		{D5E2D0D4-3B06-4ADF-9BD6-71D10471F312}.Release|Any CPU.ActiveCfg = Release|Any CPU
		{D5E2D0D4-3B06-4ADF-9BD6-71D10471F312}.Release|Any CPU.Build.0 = Release|Any CPU
	EndGlobalSection
	GlobalSection(SolutionProperties) = preSolution
		HideSolutionNode = FALSE
	EndGlobalSection
	GlobalSection(ExtensibilityGlobals) = postSolution
		SolutionGuid = {F4FDE06F-9AB9-47A4-98C6-41311A058373}
	EndGlobalSection
EndGlobal
